# @generated by Move, please check-in and do not edit manually.

[move]
version = 3
manifest_digest = "EA868319D04B62700BE588AB7DCE3D18950444CD485AFD8780D53A20EA62CC76"
deps_digest = "F8BBB0CCB2491CA29A3DF03D6F92277A4F3574266507ACD77214D37ECA3F3082"
dependencies = [
  { id = "Sui", name = "Sui" },
]

[[move.package]]
id = "MoveStdlib"
source = { git = "https://github.com/MystenLabs/sui.git", rev = "framework/testnet", subdir = "crates/sui-framework/packages/move-stdlib" }

[[move.package]]
id = "Sui"
source = { git = "https://github.com/MystenLabs/sui.git", rev = "framework/testnet", subdir = "crates/sui-framework/packages/sui-framework" }

dependencies = [
  { id = "MoveStdlib", name = "MoveStdlib" },
]

[move.toolchain-version]
compiler-version = "1.44.3"
edition = "2024.beta"
flavor = "sui"

[env]

[env.testnet]
chain-id = "4c78adac"
original-published-id = "0x175bb6b9cb540bb7cc5c34b13874f954ce3661a1b7df3544399cf1f8e8d28bbf"
latest-published-id = "0x175bb6b9cb540bb7cc5c34b13874f954ce3661a1b7df3544399cf1f8e8d28bbf"
published-version = "1"
